
Microsoft Visual Studio Solution File, Format Version 12.00
# Visual Studio Version 17
VisualStudioVersion = 17.5.33414.496
MinimumVisualStudioVersion = 10.0.40219.1
Project("{FAE04EC0-301F-11D3-BF4B-00C04F79EFBC}") = "SP2023-Assignment3-lrichardson", "SP2023-Assignment3-lrichardson\SP2023-Assignment3-lrichardson.csproj", "{DBB4B557-666A-40E7-9D62-B413ECE115AA}"
EndProject
Global
	GlobalSection(SolutionConfigurationPlatforms) = preSolution
		Debug|Any CPU = Debug|Any CPU
		Release|Any CPU = Release|Any CPU
	EndGlobalSection
	GlobalSection(ProjectConfigurationPlatforms) = postSolution
		{DBB4B557-666A-40E7-9D62-B413ECE115AA}.Debug|Any CPU.ActiveCfg = Debug|Any CPU
		{DBB4B557-666A-40E7-9D62-B413ECE115AA}.Debug|Any CPU.Build.0 = Debug|Any CPU
		{DBB4B557-666A-40E7-9D62-B413ECE115AA}.Release|Any CPU.ActiveCfg = Release|Any CPU
		{DBB4B557-666A-40E7-9D62-B413ECE115AA}.Release|Any CPU.Build.0 = Release|Any CPU
	EndGlobalSection
	GlobalSection(SolutionProperties) = preSolution
		HideSolutionNode = FALSE
	EndGlobalSection
	GlobalSection(ExtensibilityGlobals) = postSolution
		SolutionGuid = {BF07D58A-B750-4FF3-8590-886CB5ADF236}
	EndGlobalSection
EndGlobal
